
Microsoft Visual Studio Solution File, Format Version 12.00
# Visual Studio 15
VisualStudioVersion = 15.0.26124.0
MinimumVisualStudioVersion = 15.0.26124.0
Project("{2150E333-8FDC-42A3-9474-1A3956D46DE8}") = "Backend", "Backend", "{2144D124-6568-4A89-B910-324B4EAB2457}"
EndProject
Project("{FAE04EC0-301F-11D3-BF4B-00C04F79EFBC}") = "SGM.Infra", "Backend\SGM.Infra\SGM.Infra.csproj", "{4FFADD6B-4AC7-4FA3-BF57-DA11C616A7C1}"
EndProject
Project("{FAE04EC0-301F-11D3-BF4B-00C04F79EFBC}") = "SGM.WebApi", "Backend\SGM.WebApi\SGM.WebApi.csproj", "{AD842A92-1521-405A-A10E-DB836AA18804}"
EndProject
Project("{FAE04EC0-301F-11D3-BF4B-00C04F79EFBC}") = "SGM.Utils", "Backend\SGM.Utils\SGM.Utils.csproj", "{7F7C3638-18BB-47ED-96E0-F683DCC6CD1E}"
EndProject
Project("{FAE04EC0-301F-11D3-BF4B-00C04F79EFBC}") = "SGM.IoC", "Backend\SGM.IoC\SGM.IoC.csproj", "{940CF88D-388B-4499-8A63-A3B443C67399}"
EndProject
Global
	GlobalSection(SolutionConfigurationPlatforms) = preSolution
		Debug|Any CPU = Debug|Any CPU
		Debug|x64 = Debug|x64
		Debug|x86 = Debug|x86
		Release|Any CPU = Release|Any CPU
		Release|x64 = Release|x64
		Release|x86 = Release|x86
	EndGlobalSection
	GlobalSection(SolutionProperties) = preSolution
		HideSolutionNode = FALSE
	EndGlobalSection
	GlobalSection(ProjectConfigurationPlatforms) = postSolution
		{4FFADD6B-4AC7-4FA3-BF57-DA11C616A7C1}.Debug|Any CPU.ActiveCfg = Debug|Any CPU
		{4FFADD6B-4AC7-4FA3-BF57-DA11C616A7C1}.Debug|Any CPU.Build.0 = Debug|Any CPU
		{4FFADD6B-4AC7-4FA3-BF57-DA11C616A7C1}.Debug|x64.ActiveCfg = Debug|Any CPU
		{4FFADD6B-4AC7-4FA3-BF57-DA11C616A7C1}.Debug|x64.Build.0 = Debug|Any CPU
		{4FFADD6B-4AC7-4FA3-BF57-DA11C616A7C1}.Debug|x86.ActiveCfg = Debug|Any CPU
		{4FFADD6B-4AC7-4FA3-BF57-DA11C616A7C1}.Debug|x86.Build.0 = Debug|Any CPU
		{4FFADD6B-4AC7-4FA3-BF57-DA11C616A7C1}.Release|Any CPU.ActiveCfg = Release|Any CPU
		{4FFADD6B-4AC7-4FA3-BF57-DA11C616A7C1}.Release|Any CPU.Build.0 = Release|Any CPU
		{4FFADD6B-4AC7-4FA3-BF57-DA11C616A7C1}.Release|x64.ActiveCfg = Release|Any CPU
		{4FFADD6B-4AC7-4FA3-BF57-DA11C616A7C1}.Release|x64.Build.0 = Release|Any CPU
		{4FFADD6B-4AC7-4FA3-BF57-DA11C616A7C1}.Release|x86.ActiveCfg = Release|Any CPU
		{4FFADD6B-4AC7-4FA3-BF57-DA11C616A7C1}.Release|x86.Build.0 = Release|Any CPU
		{AD842A92-1521-405A-A10E-DB836AA18804}.Debug|Any CPU.ActiveCfg = Debug|Any CPU
		{AD842A92-1521-405A-A10E-DB836AA18804}.Debug|Any CPU.Build.0 = Debug|Any CPU
		{AD842A92-1521-405A-A10E-DB836AA18804}.Debug|x64.ActiveCfg = Debug|Any CPU
		{AD842A92-1521-405A-A10E-DB836AA18804}.Debug|x64.Build.0 = Debug|Any CPU
		{AD842A92-1521-405A-A10E-DB836AA18804}.Debug|x86.ActiveCfg = Debug|Any CPU
		{AD842A92-1521-405A-A10E-DB836AA18804}.Debug|x86.Build.0 = Debug|Any CPU
		{AD842A92-1521-405A-A10E-DB836AA18804}.Release|Any CPU.ActiveCfg = Release|Any CPU
		{AD842A92-1521-405A-A10E-DB836AA18804}.Release|Any CPU.Build.0 = Release|Any CPU
		{AD842A92-1521-405A-A10E-DB836AA18804}.Release|x64.ActiveCfg = Release|Any CPU
		{AD842A92-1521-405A-A10E-DB836AA18804}.Release|x64.Build.0 = Release|Any CPU
		{AD842A92-1521-405A-A10E-DB836AA18804}.Release|x86.ActiveCfg = Release|Any CPU
		{AD842A92-1521-405A-A10E-DB836AA18804}.Release|x86.Build.0 = Release|Any CPU
		{7F7C3638-18BB-47ED-96E0-F683DCC6CD1E}.Debug|Any CPU.ActiveCfg = Debug|Any CPU
		{7F7C3638-18BB-47ED-96E0-F683DCC6CD1E}.Debug|Any CPU.Build.0 = Debug|Any CPU
		{7F7C3638-18BB-47ED-96E0-F683DCC6CD1E}.Debug|x64.ActiveCfg = Debug|Any CPU
		{7F7C3638-18BB-47ED-96E0-F683DCC6CD1E}.Debug|x64.Build.0 = Debug|Any CPU
		{7F7C3638-18BB-47ED-96E0-F683DCC6CD1E}.Debug|x86.ActiveCfg = Debug|Any CPU
		{7F7C3638-18BB-47ED-96E0-F683DCC6CD1E}.Debug|x86.Build.0 = Debug|Any CPU
		{7F7C3638-18BB-47ED-96E0-F683DCC6CD1E}.Release|Any CPU.ActiveCfg = Release|Any CPU
		{7F7C3638-18BB-47ED-96E0-F683DCC6CD1E}.Release|Any CPU.Build.0 = Release|Any CPU
		{7F7C3638-18BB-47ED-96E0-F683DCC6CD1E}.Release|x64.ActiveCfg = Release|Any CPU
		{7F7C3638-18BB-47ED-96E0-F683DCC6CD1E}.Release|x64.Build.0 = Release|Any CPU
		{7F7C3638-18BB-47ED-96E0-F683DCC6CD1E}.Release|x86.ActiveCfg = Release|Any CPU
		{7F7C3638-18BB-47ED-96E0-F683DCC6CD1E}.Release|x86.Build.0 = Release|Any CPU
		{940CF88D-388B-4499-8A63-A3B443C67399}.Debug|Any CPU.ActiveCfg = Debug|Any CPU
		{940CF88D-388B-4499-8A63-A3B443C67399}.Debug|Any CPU.Build.0 = Debug|Any CPU
		{940CF88D-388B-4499-8A63-A3B443C67399}.Debug|x64.ActiveCfg = Debug|Any CPU
		{940CF88D-388B-4499-8A63-A3B443C67399}.Debug|x64.Build.0 = Debug|Any CPU
		{940CF88D-388B-4499-8A63-A3B443C67399}.Debug|x86.ActiveCfg = Debug|Any CPU
		{940CF88D-388B-4499-8A63-A3B443C67399}.Debug|x86.Build.0 = Debug|Any CPU
		{940CF88D-388B-4499-8A63-A3B443C67399}.Release|Any CPU.ActiveCfg = Release|Any CPU
		{940CF88D-388B-4499-8A63-A3B443C67399}.Release|Any CPU.Build.0 = Release|Any CPU
		{940CF88D-388B-4499-8A63-A3B443C67399}.Release|x64.ActiveCfg = Release|Any CPU
		{940CF88D-388B-4499-8A63-A3B443C67399}.Release|x64.Build.0 = Release|Any CPU
		{940CF88D-388B-4499-8A63-A3B443C67399}.Release|x86.ActiveCfg = Release|Any CPU
		{940CF88D-388B-4499-8A63-A3B443C67399}.Release|x86.Build.0 = Release|Any CPU
	EndGlobalSection
	GlobalSection(NestedProjects) = preSolution
		{4FFADD6B-4AC7-4FA3-BF57-DA11C616A7C1} = {2144D124-6568-4A89-B910-324B4EAB2457}
		{AD842A92-1521-405A-A10E-DB836AA18804} = {2144D124-6568-4A89-B910-324B4EAB2457}
		{7F7C3638-18BB-47ED-96E0-F683DCC6CD1E} = {2144D124-6568-4A89-B910-324B4EAB2457}
		{940CF88D-388B-4499-8A63-A3B443C67399} = {2144D124-6568-4A89-B910-324B4EAB2457}
	EndGlobalSection
EndGlobal
